Microsoft Visual Studio Solution File, Format Version 12.00
# Visual Studio 2012
Project("{FAE04EC0-301F-11D3-BF4B-00C04F79EFBC}") = "FMV_Movie_Player", "FMV_Movie_Player.csproj", "{2674D2E9-CA82-4663-8D8D-DC55A6EEF91F}"
EndProject
Global
	GlobalSection(SolutionConfigurationPlatforms) = preSolution
	Debug|Any CPU = Debug|Any CPU
	ExportDebug|Any CPU = ExportDebug|Any CPU
	ExportRelease|Any CPU = ExportRelease|Any CPU
	EndGlobalSection
	GlobalSection(ProjectConfigurationPlatforms) = postSolution
		{2674D2E9-CA82-4663-8D8D-DC55A6EEF91F}.Debug|Any CPU.ActiveCfg = Debug|Any CPU
		{2674D2E9-CA82-4663-8D8D-DC55A6EEF91F}.Debug|Any CPU.Build.0 = Debug|Any CPU
		{2674D2E9-CA82-4663-8D8D-DC55A6EEF91F}.ExportDebug|Any CPU.ActiveCfg = ExportDebug|Any CPU
		{2674D2E9-CA82-4663-8D8D-DC55A6EEF91F}.ExportDebug|Any CPU.Build.0 = ExportDebug|Any CPU
		{2674D2E9-CA82-4663-8D8D-DC55A6EEF91F}.ExportRelease|Any CPU.ActiveCfg = ExportRelease|Any CPU
		{2674D2E9-CA82-4663-8D8D-DC55A6EEF91F}.ExportRelease|Any CPU.Build.0 = ExportRelease|Any CPU
	EndGlobalSection
EndGlobal
